
Microsoft Visual Studio Solution File, Format Version 12.00
# Visual Studio Version 17
VisualStudioVersion = 17.2.32616.157
MinimumVisualStudioVersion = 10.0.40219.1
Project("{FAE04EC0-301F-11D3-BF4B-00C04F79EFBC}") = "SocialNetwork", "SocialNetwork.csproj", "{4265E4EC-4F20-46F4-976A-3C250C498064}"
EndProject
Global
	GlobalSection(SolutionConfigurationPlatforms) = preSolution
		Debug|Any CPU = Debug|Any CPU
		Release|Any CPU = Release|Any CPU
	EndGlobalSection
	GlobalSection(ProjectConfigurationPlatforms) = postSolution
		{4265E4EC-4F20-46F4-976A-3C250C498064}.Debug|Any CPU.ActiveCfg = Debug|Any CPU
		{4265E4EC-4F20-46F4-976A-3C250C498064}.Debug|Any CPU.Build.0 = Debug|Any CPU
		{4265E4EC-4F20-46F4-976A-3C250C498064}.Release|Any CPU.ActiveCfg = Release|Any CPU
		{4265E4EC-4F20-46F4-976A-3C250C498064}.Release|Any CPU.Build.0 = Release|Any CPU
	EndGlobalSection
	GlobalSection(SolutionProperties) = preSolution
		HideSolutionNode = FALSE
	EndGlobalSection
	GlobalSection(ExtensibilityGlobals) = postSolution
		SolutionGuid = {C60B0E3D-0E91-4441-8A8C-FD6CF7ABD563}
	EndGlobalSection
EndGlobal
